
Microsoft Visual Studio Solution File, Format Version 12.00
# Visual Studio Version 16
VisualStudioVersion = 16.0.29609.76
MinimumVisualStudioVersion = 10.0.40219.1
Project("{2150E333-8FDC-42A3-9474-1A3956D46DE8}") = "01Framework", "01Framework", "{7F91F626-D0D6-4AA6-9415-0A937FB146BF}"
EndProject
Project("{2150E333-8FDC-42A3-9474-1A3956D46DE8}") = "02Domain", "02Domain", "{42FAF471-9A17-4774-B232-20D949BFD89D}"
EndProject
Project("{2150E333-8FDC-42A3-9474-1A3956D46DE8}") = "03Web", "03Web", "{7D20F72C-DCB4-447D-8305-49089D8EB997}"
EndProject
Project("{2150E333-8FDC-42A3-9474-1A3956D46DE8}") = "04Api", "04Api", "{51597AEE-324D-4973-AEEF-4A182417EF14}"
EndProject
Project("{2150E333-8FDC-42A3-9474-1A3956D46DE8}") = "05Test", "05Test", "{46EA19BD-A029-4FCB-B1E8-0B17E58183AA}"
EndProject
Project("{9A19103F-16F7-4668-BE54-9A1E7A4F7556}") = "RabbitMQClient", "01Framework\RabbitMQClient\RabbitMQClient.csproj", "{B57F2653-95FB-4F24-9DB4-F9EA8A4B958C}"
EndProject
Project("{9A19103F-16F7-4668-BE54-9A1E7A4F7556}") = "Framework.DB", "01Framework\Framework.DB\Framework.DB.csproj", "{047CA673-8A20-435A-8104-289391A1077E}"
EndProject
Project("{9A19103F-16F7-4668-BE54-9A1E7A4F7556}") = "Common", "02Domain\Common\Common.csproj", "{658C3ACB-4673-467D-81AC-23BCF4DB108F}"
EndProject
Project("{9A19103F-16F7-4668-BE54-9A1E7A4F7556}") = "Domain", "02Domain\Domain\Domain.csproj", "{AD4262C3-F731-4323-A422-A060DB04260D}"
EndProject
Project("{9A19103F-16F7-4668-BE54-9A1E7A4F7556}") = "Entity", "02Domain\Entity\Entity.csproj", "{6F33AB6C-3B75-467B-8D33-3C4CB97B0D37}"
EndProject
Project("{9A19103F-16F7-4668-BE54-9A1E7A4F7556}") = "Web", "03Web\Web\Web.csproj", "{4E259A21-77B0-4336-A056-6F8A6100B37C}"
EndProject
Project("{9A19103F-16F7-4668-BE54-9A1E7A4F7556}") = "CoreWebApi4Docker", "04Api\CoreWebApi4Docker\CoreWebApi4Docker.csproj", "{2469C691-8084-476D-922A-D70519325E44}"
EndProject
Project("{9A19103F-16F7-4668-BE54-9A1E7A4F7556}") = "ConsoleApp", "05Test\ConsoleApp\ConsoleApp.csproj", "{08D6C143-4D6F-49DB-84A0-C9D161FA9A8D}"
EndProject
Project("{FAE04EC0-301F-11D3-BF4B-00C04F79EFBC}") = "ConsoleApp4.7", "05Test\ConsoleApp4.7\ConsoleApp4.7.csproj", "{1FF5DAB6-31CC-43FD-9DB0-FEF1607ACFB5}"
EndProject
Project("{9A19103F-16F7-4668-BE54-9A1E7A4F7556}") = "MSTest", "05Test\MSTest\MSTest.csproj", "{1CBE0FE9-F6AA-4F81-8F48-2EA0CD59151C}"
EndProject
Project("{FAE04EC0-301F-11D3-BF4B-00C04F79EFBC}") = "NetMqDemo", "05Test\NetMq\NetMqDemo.csproj", "{EA848716-B3E8-4036-BC45-C70830EC5E62}"
EndProject
Project("{FAE04EC0-301F-11D3-BF4B-00C04F79EFBC}") = "NetMqDemo2", "05Test\NetMqDemo2\NetMqDemo2.csproj", "{10806164-88ED-4166-A440-17113B4975FD}"
EndProject
Project("{2150E333-8FDC-42A3-9474-1A3956D46DE8}") = "Solution Items", "Solution Items", "{767D4DED-B91E-461E-9B07-93288BD8EDE9}"
	ProjectSection(SolutionItems) = preProject
		.editorconfig = .editorconfig
	EndProjectSection
EndProject
Global
	GlobalSection(SolutionConfigurationPlatforms) = preSolution
		Debug|Any CPU = Debug|Any CPU
		Release|Any CPU = Release|Any CPU
	EndGlobalSection
	GlobalSection(ProjectConfigurationPlatforms) = postSolution
		{B57F2653-95FB-4F24-9DB4-F9EA8A4B958C}.Debug|Any CPU.ActiveCfg = Debug|Any CPU
		{B57F2653-95FB-4F24-9DB4-F9EA8A4B958C}.Debug|Any CPU.Build.0 = Debug|Any CPU
		{B57F2653-95FB-4F24-9DB4-F9EA8A4B958C}.Release|Any CPU.ActiveCfg = Release|Any CPU
		{B57F2653-95FB-4F24-9DB4-F9EA8A4B958C}.Release|Any CPU.Build.0 = Release|Any CPU
		{047CA673-8A20-435A-8104-289391A1077E}.Debug|Any CPU.ActiveCfg = Debug|Any CPU
		{047CA673-8A20-435A-8104-289391A1077E}.Debug|Any CPU.Build.0 = Debug|Any CPU
		{047CA673-8A20-435A-8104-289391A1077E}.Release|Any CPU.ActiveCfg = Release|Any CPU
		{047CA673-8A20-435A-8104-289391A1077E}.Release|Any CPU.Build.0 = Release|Any CPU
		{658C3ACB-4673-467D-81AC-23BCF4DB108F}.Debug|Any CPU.ActiveCfg = Debug|Any CPU
		{658C3ACB-4673-467D-81AC-23BCF4DB108F}.Debug|Any CPU.Build.0 = Debug|Any CPU
		{658C3ACB-4673-467D-81AC-23BCF4DB108F}.Release|Any CPU.ActiveCfg = Release|Any CPU
		{658C3ACB-4673-467D-81AC-23BCF4DB108F}.Release|Any CPU.Build.0 = Release|Any CPU
		{AD4262C3-F731-4323-A422-A060DB04260D}.Debug|Any CPU.ActiveCfg = Debug|Any CPU
		{AD4262C3-F731-4323-A422-A060DB04260D}.Debug|Any CPU.Build.0 = Debug|Any CPU
		{AD4262C3-F731-4323-A422-A060DB04260D}.Release|Any CPU.ActiveCfg = Release|Any CPU
		{AD4262C3-F731-4323-A422-A060DB04260D}.Release|Any CPU.Build.0 = Release|Any CPU
		{6F33AB6C-3B75-467B-8D33-3C4CB97B0D37}.Debug|Any CPU.ActiveCfg = Debug|Any CPU
		{6F33AB6C-3B75-467B-8D33-3C4CB97B0D37}.Debug|Any CPU.Build.0 = Debug|Any CPU
		{6F33AB6C-3B75-467B-8D33-3C4CB97B0D37}.Release|Any CPU.ActiveCfg = Release|Any CPU
		{6F33AB6C-3B75-467B-8D33-3C4CB97B0D37}.Release|Any CPU.Build.0 = Release|Any CPU
		{4E259A21-77B0-4336-A056-6F8A6100B37C}.Debug|Any CPU.ActiveCfg = Debug|Any CPU
		{4E259A21-77B0-4336-A056-6F8A6100B37C}.Debug|Any CPU.Build.0 = Debug|Any CPU
		{4E259A21-77B0-4336-A056-6F8A6100B37C}.Release|Any CPU.ActiveCfg = Release|Any CPU
		{4E259A21-77B0-4336-A056-6F8A6100B37C}.Release|Any CPU.Build.0 = Release|Any CPU
		{2469C691-8084-476D-922A-D70519325E44}.Debug|Any CPU.ActiveCfg = Debug|Any CPU
		{2469C691-8084-476D-922A-D70519325E44}.Debug|Any CPU.Build.0 = Debug|Any CPU
		{2469C691-8084-476D-922A-D70519325E44}.Release|Any CPU.ActiveCfg = Release|Any CPU
		{2469C691-8084-476D-922A-D70519325E44}.Release|Any CPU.Build.0 = Release|Any CPU
		{08D6C143-4D6F-49DB-84A0-C9D161FA9A8D}.Debug|Any CPU.ActiveCfg = Debug|Any CPU
		{08D6C143-4D6F-49DB-84A0-C9D161FA9A8D}.Debug|Any CPU.Build.0 = Debug|Any CPU
		{08D6C143-4D6F-49DB-84A0-C9D161FA9A8D}.Release|Any CPU.ActiveCfg = Release|Any CPU
		{08D6C143-4D6F-49DB-84A0-C9D161FA9A8D}.Release|Any CPU.Build.0 = Release|Any CPU
		{1FF5DAB6-31CC-43FD-9DB0-FEF1607ACFB5}.Debug|Any CPU.ActiveCfg = Debug|Any CPU
		{1FF5DAB6-31CC-43FD-9DB0-FEF1607ACFB5}.Debug|Any CPU.Build.0 = Debug|Any CPU
		{1FF5DAB6-31CC-43FD-9DB0-FEF1607ACFB5}.Release|Any CPU.ActiveCfg = Release|Any CPU
		{1FF5DAB6-31CC-43FD-9DB0-FEF1607ACFB5}.Release|Any CPU.Build.0 = Release|Any CPU
		{1CBE0FE9-F6AA-4F81-8F48-2EA0CD59151C}.Debug|Any CPU.ActiveCfg = Debug|Any CPU
		{1CBE0FE9-F6AA-4F81-8F48-2EA0CD59151C}.Debug|Any CPU.Build.0 = Debug|Any CPU
		{1CBE0FE9-F6AA-4F81-8F48-2EA0CD59151C}.Release|Any CPU.ActiveCfg = Release|Any CPU
		{1CBE0FE9-F6AA-4F81-8F48-2EA0CD59151C}.Release|Any CPU.Build.0 = Release|Any CPU
		{EA848716-B3E8-4036-BC45-C70830EC5E62}.Debug|Any CPU.ActiveCfg = Debug|Any CPU
		{EA848716-B3E8-4036-BC45-C70830EC5E62}.Debug|Any CPU.Build.0 = Debug|Any CPU
		{EA848716-B3E8-4036-BC45-C70830EC5E62}.Release|Any CPU.ActiveCfg = Release|Any CPU
		{EA848716-B3E8-4036-BC45-C70830EC5E62}.Release|Any CPU.Build.0 = Release|Any CPU
		{10806164-88ED-4166-A440-17113B4975FD}.Debug|Any CPU.ActiveCfg = Debug|Any CPU
		{10806164-88ED-4166-A440-17113B4975FD}.Debug|Any CPU.Build.0 = Debug|Any CPU
		{10806164-88ED-4166-A440-17113B4975FD}.Release|Any CPU.ActiveCfg = Release|Any CPU
		{10806164-88ED-4166-A440-17113B4975FD}.Release|Any CPU.Build.0 = Release|Any CPU
	EndGlobalSection
	GlobalSection(SolutionProperties) = preSolution
		HideSolutionNode = FALSE
	EndGlobalSection
	GlobalSection(NestedProjects) = preSolution
		{B57F2653-95FB-4F24-9DB4-F9EA8A4B958C} = {7F91F626-D0D6-4AA6-9415-0A937FB146BF}
		{047CA673-8A20-435A-8104-289391A1077E} = {7F91F626-D0D6-4AA6-9415-0A937FB146BF}
		{658C3ACB-4673-467D-81AC-23BCF4DB108F} = {42FAF471-9A17-4774-B232-20D949BFD89D}
		{AD4262C3-F731-4323-A422-A060DB04260D} = {42FAF471-9A17-4774-B232-20D949BFD89D}
		{6F33AB6C-3B75-467B-8D33-3C4CB97B0D37} = {42FAF471-9A17-4774-B232-20D949BFD89D}
		{4E259A21-77B0-4336-A056-6F8A6100B37C} = {7D20F72C-DCB4-447D-8305-49089D8EB997}
		{2469C691-8084-476D-922A-D70519325E44} = {51597AEE-324D-4973-AEEF-4A182417EF14}
		{08D6C143-4D6F-49DB-84A0-C9D161FA9A8D} = {46EA19BD-A029-4FCB-B1E8-0B17E58183AA}
		{1FF5DAB6-31CC-43FD-9DB0-FEF1607ACFB5} = {46EA19BD-A029-4FCB-B1E8-0B17E58183AA}
		{1CBE0FE9-F6AA-4F81-8F48-2EA0CD59151C} = {46EA19BD-A029-4FCB-B1E8-0B17E58183AA}
		{EA848716-B3E8-4036-BC45-C70830EC5E62} = {46EA19BD-A029-4FCB-B1E8-0B17E58183AA}
		{10806164-88ED-4166-A440-17113B4975FD} = {46EA19BD-A029-4FCB-B1E8-0B17E58183AA}
	EndGlobalSection
	GlobalSection(ExtensibilityGlobals) = postSolution
		SolutionGuid = {C69DBDF6-CA70-41F0-ACCA-73ABA3B0229B}
	EndGlobalSection
EndGlobal
