
Microsoft Visual Studio Solution File, Format Version 12.00
# Visual Studio Version 16
VisualStudioVersion = 16.0.29609.76
MinimumVisualStudioVersion = 10.0.40219.1
Project("{9A19103F-16F7-4668-BE54-9A1E7A4F7556}") = "CoreWebApi4Docker", "CoreWebApi4Docker\CoreWebApi4Docker.csproj", "{91B42BED-8E9D-4CF4-8186-A2A071F53005}"
EndProject
Project("{9A19103F-16F7-4668-BE54-9A1E7A4F7556}") = "Domain", "Domain\Domain.csproj", "{75EE1CF9-12F3-414D-8940-33F9ABB2A213}"
EndProject
Project("{2150E333-8FDC-42A3-9474-1A3956D46DE8}") = "01Framework", "01Framework", "{7F91F626-D0D6-4AA6-9415-0A937FB146BF}"
EndProject
Project("{9A19103F-16F7-4668-BE54-9A1E7A4F7556}") = "Framework.DB", "Framework.DB\Framework.DB.csproj", "{3564B45C-ADF6-45FB-9A91-A4E92733837A}"
EndProject
Project("{2150E333-8FDC-42A3-9474-1A3956D46DE8}") = "02Domain", "02Domain", "{42FAF471-9A17-4774-B232-20D949BFD89D}"
EndProject
Project("{2150E333-8FDC-42A3-9474-1A3956D46DE8}") = "03Web", "03Web", "{7D20F72C-DCB4-447D-8305-49089D8EB997}"
EndProject
Project("{2150E333-8FDC-42A3-9474-1A3956D46DE8}") = "04Api", "04Api", "{51597AEE-324D-4973-AEEF-4A182417EF14}"
EndProject
Project("{9A19103F-16F7-4668-BE54-9A1E7A4F7556}") = "Web", "Web\Web.csproj", "{4DF27E75-E21E-4416-86B2-37A9B9ED7D06}"
EndProject
Project("{2150E333-8FDC-42A3-9474-1A3956D46DE8}") = "05Test", "05Test", "{46EA19BD-A029-4FCB-B1E8-0B17E58183AA}"
EndProject
Project("{9A19103F-16F7-4668-BE54-9A1E7A4F7556}") = "Common", "Common\Common.csproj", "{38C4B149-FCAB-4E6C-A608-195E67513C8B}"
EndProject
Project("{9A19103F-16F7-4668-BE54-9A1E7A4F7556}") = "MSTest", "MSTest\MSTest.csproj", "{704D2CE8-BD85-4CDC-9BD5-9E0FFA24178A}"
EndProject
Project("{9A19103F-16F7-4668-BE54-9A1E7A4F7556}") = "RabbitMQClient", "RabbitMQClient\RabbitMQClient.csproj", "{9B836833-D2F0-45DD-B510-FEF9C4DE7AAB}"
EndProject
Project("{9A19103F-16F7-4668-BE54-9A1E7A4F7556}") = "ConsoleApp", "ConsoleApp\ConsoleApp.csproj", "{CFF9702B-A512-41C9-8FDD-88C1B06DE6DC}"
EndProject
Project("{FAE04EC0-301F-11D3-BF4B-00C04F79EFBC}") = "ConsoleApp4.7", "ConsoleApp4.7\ConsoleApp4.7.csproj", "{1FF5DAB6-31CC-43FD-9DB0-FEF1607ACFB5}"
EndProject
Project("{9A19103F-16F7-4668-BE54-9A1E7A4F7556}") = "Entity", "Entity\Entity.csproj", "{31AA5986-2F66-47B9-BA69-4819B8AAD6EA}"
EndProject
Project("{FAE04EC0-301F-11D3-BF4B-00C04F79EFBC}") = "NetMqDemo", "NetMq\NetMqDemo.csproj", "{EA848716-B3E8-4036-BC45-C70830EC5E62}"
EndProject
Project("{FAE04EC0-301F-11D3-BF4B-00C04F79EFBC}") = "NetMqDemo2", "NetMqDemo2\NetMqDemo2.csproj", "{10806164-88ED-4166-A440-17113B4975FD}"
EndProject
Global
	GlobalSection(SolutionConfigurationPlatforms) = preSolution
		Debug|Any CPU = Debug|Any CPU
		Release|Any CPU = Release|Any CPU
	EndGlobalSection
	GlobalSection(ProjectConfigurationPlatforms) = postSolution
		{91B42BED-8E9D-4CF4-8186-A2A071F53005}.Debug|Any CPU.ActiveCfg = Debug|Any CPU
		{91B42BED-8E9D-4CF4-8186-A2A071F53005}.Debug|Any CPU.Build.0 = Debug|Any CPU
		{91B42BED-8E9D-4CF4-8186-A2A071F53005}.Release|Any CPU.ActiveCfg = Release|Any CPU
		{91B42BED-8E9D-4CF4-8186-A2A071F53005}.Release|Any CPU.Build.0 = Release|Any CPU
		{75EE1CF9-12F3-414D-8940-33F9ABB2A213}.Debug|Any CPU.ActiveCfg = Debug|Any CPU
		{75EE1CF9-12F3-414D-8940-33F9ABB2A213}.Debug|Any CPU.Build.0 = Debug|Any CPU
		{75EE1CF9-12F3-414D-8940-33F9ABB2A213}.Release|Any CPU.ActiveCfg = Release|Any CPU
		{75EE1CF9-12F3-414D-8940-33F9ABB2A213}.Release|Any CPU.Build.0 = Release|Any CPU
		{3564B45C-ADF6-45FB-9A91-A4E92733837A}.Debug|Any CPU.ActiveCfg = Debug|Any CPU
		{3564B45C-ADF6-45FB-9A91-A4E92733837A}.Debug|Any CPU.Build.0 = Debug|Any CPU
		{3564B45C-ADF6-45FB-9A91-A4E92733837A}.Release|Any CPU.ActiveCfg = Release|Any CPU
		{3564B45C-ADF6-45FB-9A91-A4E92733837A}.Release|Any CPU.Build.0 = Release|Any CPU
		{4DF27E75-E21E-4416-86B2-37A9B9ED7D06}.Debug|Any CPU.ActiveCfg = Debug|Any CPU
		{4DF27E75-E21E-4416-86B2-37A9B9ED7D06}.Debug|Any CPU.Build.0 = Debug|Any CPU
		{4DF27E75-E21E-4416-86B2-37A9B9ED7D06}.Release|Any CPU.ActiveCfg = Release|Any CPU
		{4DF27E75-E21E-4416-86B2-37A9B9ED7D06}.Release|Any CPU.Build.0 = Release|Any CPU
		{38C4B149-FCAB-4E6C-A608-195E67513C8B}.Debug|Any CPU.ActiveCfg = Debug|Any CPU
		{38C4B149-FCAB-4E6C-A608-195E67513C8B}.Debug|Any CPU.Build.0 = Debug|Any CPU
		{38C4B149-FCAB-4E6C-A608-195E67513C8B}.Release|Any CPU.ActiveCfg = Release|Any CPU
		{38C4B149-FCAB-4E6C-A608-195E67513C8B}.Release|Any CPU.Build.0 = Release|Any CPU
		{704D2CE8-BD85-4CDC-9BD5-9E0FFA24178A}.Debug|Any CPU.ActiveCfg = Debug|Any CPU
		{704D2CE8-BD85-4CDC-9BD5-9E0FFA24178A}.Debug|Any CPU.Build.0 = Debug|Any CPU
		{704D2CE8-BD85-4CDC-9BD5-9E0FFA24178A}.Release|Any CPU.ActiveCfg = Release|Any CPU
		{704D2CE8-BD85-4CDC-9BD5-9E0FFA24178A}.Release|Any CPU.Build.0 = Release|Any CPU
		{9B836833-D2F0-45DD-B510-FEF9C4DE7AAB}.Debug|Any CPU.ActiveCfg = Debug|Any CPU
		{9B836833-D2F0-45DD-B510-FEF9C4DE7AAB}.Debug|Any CPU.Build.0 = Debug|Any CPU
		{9B836833-D2F0-45DD-B510-FEF9C4DE7AAB}.Release|Any CPU.ActiveCfg = Release|Any CPU
		{9B836833-D2F0-45DD-B510-FEF9C4DE7AAB}.Release|Any CPU.Build.0 = Release|Any CPU
		{CFF9702B-A512-41C9-8FDD-88C1B06DE6DC}.Debug|Any CPU.ActiveCfg = Debug|Any CPU
		{CFF9702B-A512-41C9-8FDD-88C1B06DE6DC}.Debug|Any CPU.Build.0 = Debug|Any CPU
		{CFF9702B-A512-41C9-8FDD-88C1B06DE6DC}.Release|Any CPU.ActiveCfg = Release|Any CPU
		{CFF9702B-A512-41C9-8FDD-88C1B06DE6DC}.Release|Any CPU.Build.0 = Release|Any CPU
		{1FF5DAB6-31CC-43FD-9DB0-FEF1607ACFB5}.Debug|Any CPU.ActiveCfg = Debug|Any CPU
		{1FF5DAB6-31CC-43FD-9DB0-FEF1607ACFB5}.Debug|Any CPU.Build.0 = Debug|Any CPU
		{1FF5DAB6-31CC-43FD-9DB0-FEF1607ACFB5}.Release|Any CPU.ActiveCfg = Release|Any CPU
		{1FF5DAB6-31CC-43FD-9DB0-FEF1607ACFB5}.Release|Any CPU.Build.0 = Release|Any CPU
		{31AA5986-2F66-47B9-BA69-4819B8AAD6EA}.Debug|Any CPU.ActiveCfg = Debug|Any CPU
		{31AA5986-2F66-47B9-BA69-4819B8AAD6EA}.Debug|Any CPU.Build.0 = Debug|Any CPU
		{31AA5986-2F66-47B9-BA69-4819B8AAD6EA}.Release|Any CPU.ActiveCfg = Release|Any CPU
		{31AA5986-2F66-47B9-BA69-4819B8AAD6EA}.Release|Any CPU.Build.0 = Release|Any CPU
		{EA848716-B3E8-4036-BC45-C70830EC5E62}.Debug|Any CPU.ActiveCfg = Debug|Any CPU
		{EA848716-B3E8-4036-BC45-C70830EC5E62}.Debug|Any CPU.Build.0 = Debug|Any CPU
		{EA848716-B3E8-4036-BC45-C70830EC5E62}.Release|Any CPU.ActiveCfg = Release|Any CPU
		{EA848716-B3E8-4036-BC45-C70830EC5E62}.Release|Any CPU.Build.0 = Release|Any CPU
		{10806164-88ED-4166-A440-17113B4975FD}.Debug|Any CPU.ActiveCfg = Debug|Any CPU
		{10806164-88ED-4166-A440-17113B4975FD}.Debug|Any CPU.Build.0 = Debug|Any CPU
		{10806164-88ED-4166-A440-17113B4975FD}.Release|Any CPU.ActiveCfg = Release|Any CPU
		{10806164-88ED-4166-A440-17113B4975FD}.Release|Any CPU.Build.0 = Release|Any CPU
	EndGlobalSection
	GlobalSection(SolutionProperties) = preSolution
		HideSolutionNode = FALSE
	EndGlobalSection
	GlobalSection(NestedProjects) = preSolution
		{91B42BED-8E9D-4CF4-8186-A2A071F53005} = {51597AEE-324D-4973-AEEF-4A182417EF14}
		{75EE1CF9-12F3-414D-8940-33F9ABB2A213} = {42FAF471-9A17-4774-B232-20D949BFD89D}
		{3564B45C-ADF6-45FB-9A91-A4E92733837A} = {7F91F626-D0D6-4AA6-9415-0A937FB146BF}
		{4DF27E75-E21E-4416-86B2-37A9B9ED7D06} = {7D20F72C-DCB4-447D-8305-49089D8EB997}
		{38C4B149-FCAB-4E6C-A608-195E67513C8B} = {42FAF471-9A17-4774-B232-20D949BFD89D}
		{704D2CE8-BD85-4CDC-9BD5-9E0FFA24178A} = {46EA19BD-A029-4FCB-B1E8-0B17E58183AA}
		{9B836833-D2F0-45DD-B510-FEF9C4DE7AAB} = {7F91F626-D0D6-4AA6-9415-0A937FB146BF}
		{CFF9702B-A512-41C9-8FDD-88C1B06DE6DC} = {46EA19BD-A029-4FCB-B1E8-0B17E58183AA}
		{1FF5DAB6-31CC-43FD-9DB0-FEF1607ACFB5} = {46EA19BD-A029-4FCB-B1E8-0B17E58183AA}
		{31AA5986-2F66-47B9-BA69-4819B8AAD6EA} = {42FAF471-9A17-4774-B232-20D949BFD89D}
		{EA848716-B3E8-4036-BC45-C70830EC5E62} = {46EA19BD-A029-4FCB-B1E8-0B17E58183AA}
		{10806164-88ED-4166-A440-17113B4975FD} = {46EA19BD-A029-4FCB-B1E8-0B17E58183AA}
	EndGlobalSection
	GlobalSection(ExtensibilityGlobals) = postSolution
		SolutionGuid = {C69DBDF6-CA70-41F0-ACCA-73ABA3B0229B}
	EndGlobalSection
EndGlobal
